
Microsoft Visual Studio Solution File, Format Version 12.00
Project("{FAE04EC0-301F-11D3-BF4B-00C04F79EFBC}") = "ApiComparer", "ApiComparer\ApiComparer.csproj", "{C88461B2-7FC3-451F-B778-1CC36AB746C5}"
EndProject
Global
	GlobalSection(SolutionConfigurationPlatforms) = preSolution
		Debug|Any CPU = Debug|Any CPU
		Release|Any CPU = Release|Any CPU
	EndGlobalSection
	GlobalSection(ProjectConfigurationPlatforms) = postSolution
		{C88461B2-7FC3-451F-B778-1CC36AB746C5}.Debug|Any CPU.ActiveCfg = Debug|Any CPU
		{C88461B2-7FC3-451F-B778-1CC36AB746C5}.Debug|Any CPU.Build.0 = Debug|Any CPU
		{C88461B2-7FC3-451F-B778-1CC36AB746C5}.Release|Any CPU.ActiveCfg = Release|Any CPU
		{C88461B2-7FC3-451F-B778-1CC36AB746C5}.Release|Any CPU.Build.0 = Release|Any CPU
	EndGlobalSection
EndGlobal
